
Microsoft Visual Studio Solution File, Format Version 12.00
# Visual Studio 14
VisualStudioVersion = 14.0.25420.1
MinimumVisualStudioVersion = 10.0.40219.1
Project("{FAE04EC0-301F-11D3-BF4B-00C04F79EFBC}") = "CommonExtensions", "CommonExtensions\CommonExtensions.csproj", "{6B6A14B6-06A1-40A5-8857-E10E944B7EA1}"
EndProject
Project("{FAE04EC0-301F-11D3-BF4B-00C04F79EFBC}") = "BinaryTreeSort", "BinaryTreeSort\BinaryTreeSort.csproj", "{3E26925F-4D81-4AE1-870D-541846211423}"
EndProject
Project("{FAE04EC0-301F-11D3-BF4B-00C04F79EFBC}") = "SamplesTest", "SamplesTest\SamplesTest.csproj", "{54E05A08-E2E4-4191-8E79-7DFE17F11BBE}"
EndProject
Project("{FAE04EC0-301F-11D3-BF4B-00C04F79EFBC}") = "BinnaryTreeBalanced", "BinnaryTreeBalanced\BinnaryTreeBalanced.csproj", "{95155C5F-2F23-4C8B-9399-A22068FF7714}"
EndProject
Project("{FAE04EC0-301F-11D3-BF4B-00C04F79EFBC}") = "BinaryTreeCommon", "BinaryTreeCommon\BinaryTreeCommon.csproj", "{A44F5E5C-69D1-4DE5-91EA-D556636674B3}"
EndProject
Project("{2150E333-8FDC-42A3-9474-1A3956D46DE8}") = "BinaryTree", "BinaryTree", "{D6EBF60A-A1E1-44E5-BEC1-0AF9CFD17DC5}"
EndProject
Project("{2150E333-8FDC-42A3-9474-1A3956D46DE8}") = "Sort", "Sort", "{7C2EA9B0-715F-4CB9-948E-22D0F0B3853E}"
EndProject
Project("{2150E333-8FDC-42A3-9474-1A3956D46DE8}") = "Common", "Common", "{FE397CD2-763E-46B6-A3A1-71692D9681CA}"
EndProject
Project("{FAE04EC0-301F-11D3-BF4B-00C04F79EFBC}") = "Sort", "Sort\Sort.csproj", "{1AA2010F-DB6F-4BC1-BE36-5E2F0126D7AB}"
EndProject
Project("{2150E333-8FDC-42A3-9474-1A3956D46DE8}") = "Documents", "Documents", "{B3BA6718-270C-446E-B27F-BAAE1C3FC65A}"
	ProjectSection(SolutionItems) = preProject
		readme.md = readme.md
	EndProjectSection
EndProject
Project("{FAE04EC0-301F-11D3-BF4B-00C04F79EFBC}") = "SortingTestConsole", "SortingTestConsole\SortingTestConsole.csproj", "{B9A748D9-4FA7-4EC2-BDD1-380EC2641547}"
EndProject
Global
	GlobalSection(SolutionConfigurationPlatforms) = preSolution
		Debug|Any CPU = Debug|Any CPU
		Release|Any CPU = Release|Any CPU
	EndGlobalSection
	GlobalSection(ProjectConfigurationPlatforms) = postSolution
		{6B6A14B6-06A1-40A5-8857-E10E944B7EA1}.Debug|Any CPU.ActiveCfg = Debug|Any CPU
		{6B6A14B6-06A1-40A5-8857-E10E944B7EA1}.Debug|Any CPU.Build.0 = Debug|Any CPU
		{6B6A14B6-06A1-40A5-8857-E10E944B7EA1}.Release|Any CPU.ActiveCfg = Release|Any CPU
		{6B6A14B6-06A1-40A5-8857-E10E944B7EA1}.Release|Any CPU.Build.0 = Release|Any CPU
		{3E26925F-4D81-4AE1-870D-541846211423}.Debug|Any CPU.ActiveCfg = Debug|Any CPU
		{3E26925F-4D81-4AE1-870D-541846211423}.Debug|Any CPU.Build.0 = Debug|Any CPU
		{3E26925F-4D81-4AE1-870D-541846211423}.Release|Any CPU.ActiveCfg = Release|Any CPU
		{3E26925F-4D81-4AE1-870D-541846211423}.Release|Any CPU.Build.0 = Release|Any CPU
		{54E05A08-E2E4-4191-8E79-7DFE17F11BBE}.Debug|Any CPU.ActiveCfg = Debug|Any CPU
		{54E05A08-E2E4-4191-8E79-7DFE17F11BBE}.Debug|Any CPU.Build.0 = Debug|Any CPU
		{54E05A08-E2E4-4191-8E79-7DFE17F11BBE}.Release|Any CPU.ActiveCfg = Release|Any CPU
		{54E05A08-E2E4-4191-8E79-7DFE17F11BBE}.Release|Any CPU.Build.0 = Release|Any CPU
		{95155C5F-2F23-4C8B-9399-A22068FF7714}.Debug|Any CPU.ActiveCfg = Debug|Any CPU
		{95155C5F-2F23-4C8B-9399-A22068FF7714}.Debug|Any CPU.Build.0 = Debug|Any CPU
		{95155C5F-2F23-4C8B-9399-A22068FF7714}.Release|Any CPU.ActiveCfg = Release|Any CPU
		{95155C5F-2F23-4C8B-9399-A22068FF7714}.Release|Any CPU.Build.0 = Release|Any CPU
		{A44F5E5C-69D1-4DE5-91EA-D556636674B3}.Debug|Any CPU.ActiveCfg = Debug|Any CPU
		{A44F5E5C-69D1-4DE5-91EA-D556636674B3}.Debug|Any CPU.Build.0 = Debug|Any CPU
		{A44F5E5C-69D1-4DE5-91EA-D556636674B3}.Release|Any CPU.ActiveCfg = Release|Any CPU
		{A44F5E5C-69D1-4DE5-91EA-D556636674B3}.Release|Any CPU.Build.0 = Release|Any CPU
		{1AA2010F-DB6F-4BC1-BE36-5E2F0126D7AB}.Debug|Any CPU.ActiveCfg = Debug|Any CPU
		{1AA2010F-DB6F-4BC1-BE36-5E2F0126D7AB}.Debug|Any CPU.Build.0 = Debug|Any CPU
		{1AA2010F-DB6F-4BC1-BE36-5E2F0126D7AB}.Release|Any CPU.ActiveCfg = Release|Any CPU
		{1AA2010F-DB6F-4BC1-BE36-5E2F0126D7AB}.Release|Any CPU.Build.0 = Release|Any CPU
		{B9A748D9-4FA7-4EC2-BDD1-380EC2641547}.Debug|Any CPU.ActiveCfg = Debug|Any CPU
		{B9A748D9-4FA7-4EC2-BDD1-380EC2641547}.Debug|Any CPU.Build.0 = Debug|Any CPU
		{B9A748D9-4FA7-4EC2-BDD1-380EC2641547}.Release|Any CPU.ActiveCfg = Release|Any CPU
		{B9A748D9-4FA7-4EC2-BDD1-380EC2641547}.Release|Any CPU.Build.0 = Release|Any CPU
	EndGlobalSection
	GlobalSection(SolutionProperties) = preSolution
		HideSolutionNode = FALSE
	EndGlobalSection
	GlobalSection(NestedProjects) = preSolution
		{6B6A14B6-06A1-40A5-8857-E10E944B7EA1} = {FE397CD2-763E-46B6-A3A1-71692D9681CA}
		{3E26925F-4D81-4AE1-870D-541846211423} = {D6EBF60A-A1E1-44E5-BEC1-0AF9CFD17DC5}
		{95155C5F-2F23-4C8B-9399-A22068FF7714} = {D6EBF60A-A1E1-44E5-BEC1-0AF9CFD17DC5}
		{A44F5E5C-69D1-4DE5-91EA-D556636674B3} = {D6EBF60A-A1E1-44E5-BEC1-0AF9CFD17DC5}
		{1AA2010F-DB6F-4BC1-BE36-5E2F0126D7AB} = {7C2EA9B0-715F-4CB9-948E-22D0F0B3853E}
		{B9A748D9-4FA7-4EC2-BDD1-380EC2641547} = {7C2EA9B0-715F-4CB9-948E-22D0F0B3853E}
	EndGlobalSection
EndGlobal
